
Microsoft Visual Studio Solution File, Format Version 12.00
# Visual Studio Version 16
VisualStudioVersion = 16.0.32630.194
MinimumVisualStudioVersion = 10.0.40219.1
Project("{FAE04EC0-301F-11D3-BF4B-00C04F79EFBC}") = "oyun", "oyun.csproj", "{0E733994-D97D-491F-8010-E5EAB5A3050A}"
EndProject
Global
	GlobalSection(SolutionConfigurationPlatforms) = preSolution
		Debug|Any CPU = Debug|Any CPU
		Release|Any CPU = Release|Any CPU
	EndGlobalSection
	GlobalSection(ProjectConfigurationPlatforms) = postSolution
		{0E733994-D97D-491F-8010-E5EAB5A3050A}.Debug|Any CPU.ActiveCfg = Debug|Any CPU
		{0E733994-D97D-491F-8010-E5EAB5A3050A}.Debug|Any CPU.Build.0 = Debug|Any CPU
		{0E733994-D97D-491F-8010-E5EAB5A3050A}.Release|Any CPU.ActiveCfg = Release|Any CPU
		{0E733994-D97D-491F-8010-E5EAB5A3050A}.Release|Any CPU.Build.0 = Release|Any CPU
	EndGlobalSection
	GlobalSection(SolutionProperties) = preSolution
		HideSolutionNode = FALSE
	EndGlobalSection
	GlobalSection(ExtensibilityGlobals) = postSolution
		SolutionGuid = {D1AF0FD5-5C76-4016-8976-45D60FCD78F1}
	EndGlobalSection
EndGlobal
